{
  "version": 4,
  "terraform_version": "0.12.26",
  "serial": 117,
  "lineage": "780253b2-53e9-a02e-aa5f-08f04b6426c5",
  "outputs": {},
  "resources": [
    {
      "mode": "managed",
      "type": "aws_cloudfront_distribution",
      "name": "s3_distribution",
      "provider": "provider.aws",
      "instances": [
        {
          "schema_version": 1,
          "attributes": {
            "active_trusted_signers": {
              "enabled": "false",
              "items.#": "0"
            },
            "aliases": null,
            "arn": "arn:aws:cloudfront::046391747222:distribution/EUY4N1E4X1CGA",
            "cache_behavior": [],
            "caller_reference": "terraform-20200812150911626000000001",
            "comment": null,
            "custom_error_response": [],
            "default_cache_behavior": [
              {
                "allowed_methods": [
                  "DELETE",
                  "GET",
                  "HEAD",
                  "OPTIONS",
                  "PATCH",
                  "POST",
                  "PUT"
                ],
                "cached_methods": [
                  "GET",
                  "HEAD"
                ],
                "compress": false,
                "default_ttl": 3600,
                "field_level_encryption_id": "",
                "forwarded_values": [
                  {
                    "cookies": [
                      {
                        "forward": "none",
                        "whitelisted_names": null
                      }
                    ],
                    "headers": null,
                    "query_string": false,
                    "query_string_cache_keys": null
                  }
                ],
                "lambda_function_association": [],
                "max_ttl": 86400,
                "min_ttl": 0,
                "smooth_streaming": false,
                "target_origin_id": "myS3Origin",
                "trusted_signers": null,
                "viewer_protocol_policy": "allow-all"
              }
            ],
            "default_root_object": "",
            "domain_name": "dm3luwfs93vo5.cloudfront.net",
            "enabled": true,
            "etag": "E1CKT5YTQKMIUZ",
            "hosted_zone_id": "Z2FDTNDATAQYW2",
            "http_version": "http2",
            "id": "EUY4N1E4X1CGA",
            "in_progress_validation_batches": 0,
            "is_ipv6_enabled": false,
            "last_modified_time": "2020-08-12 15:09:13.217 +0000 UTC",
            "logging_config": [],
            "ordered_cache_behavior": [],
            "origin": [
              {
                "custom_header": [],
                "custom_origin_config": [
                  {
                    "http_port": 80,
                    "https_port": 80,
                    "origin_keepalive_timeout": 5,
                    "origin_protocol_policy": "match-viewer",
                    "origin_read_timeout": 30,
                    "origin_ssl_protocols": [
                      "TLSv1",
                      "TLSv1.1",
                      "TLSv1.2"
                    ]
                  }
                ],
                "domain_name": "task581.s3.ap-south-1.amazonaws.com",
                "origin_id": "myS3Origin",
                "origin_path": "",
                "s3_origin_config": []
              }
            ],
            "origin_group": [],
            "price_class": "PriceClass_All",
            "restrictions": [
              {
                "geo_restriction": [
                  {
                    "locations": null,
                    "restriction_type": "none"
                  }
                ]
              }
            ],
            "retain_on_delete": false,
            "status": "Deployed",
            "tags": null,
            "viewer_certificate": [
              {
                "acm_certificate_arn": "",
                "cloudfront_default_certificate": true,
                "iam_certificate_id": "",
                "minimum_protocol_version": "TLSv1",
                "ssl_support_method": ""
              }
            ],
            "wait_for_deployment": true,
            "web_acl_id": ""
          },
          "private": "eyJzY2hlbWFfdmVyc2lvbiI6IjEifQ==",
          "dependencies": [
            "aws_s3_bucket.myBucket",
            "aws_s3_bucket_object.object",
            "null_resource.DownloadImagesFromGithub"
          ]
        }
      ]
    },
    {
      "mode": "managed",
      "type": "aws_efs_file_system",
      "name": "EFSVolume",
      "provider": "provider.aws",
      "instances": [
        {
          "schema_version": 0,
          "attributes": {
            "arn": "arn:aws:elasticfilesystem:ap-south-1:046391747222:file-system/fs-804ad851",
            "creation_token": "efstoken",
            "dns_name": "fs-804ad851.efs.ap-south-1.amazonaws.com",
            "encrypted": false,
            "id": "fs-804ad851",
            "kms_key_id": "",
            "lifecycle_policy": [],
            "performance_mode": "generalPurpose",
            "provisioned_throughput_in_mibps": 0,
            "reference_name": null,
            "tags": {
              "Name": "EFSVolume"
            },
            "throughput_mode": "bursting"
          },
          "private": "bnVsbA==",
          "dependencies": [
            "aws_instance.EC2Instance",
            "aws_security_group.SecurityGroup",
            "tls_private_key.myKey"
          ]
        }
      ]
    },
    {
      "mode": "managed",
      "type": "aws_efs_mount_target",
      "name": "EFSVolumeTarget",
      "provider": "provider.aws",
      "instances": [
        {
          "schema_version": 0,
          "attributes": {
            "availability_zone_id": "aps1-az1",
            "availability_zone_name": "ap-south-1a",
            "dns_name": "fs-804ad851.efs.ap-south-1.amazonaws.com",
            "file_system_arn": "arn:aws:elasticfilesystem:ap-south-1:046391747222:file-system/fs-804ad851",
            "file_system_id": "fs-804ad851",
            "id": "fsmt-1d22f0cc",
            "ip_address": "172.31.45.211",
            "mount_target_dns_name": "ap-south-1a.fs-804ad851.efs.ap-south-1.amazonaws.com",
            "network_interface_id": "eni-049b42db28cf1c043",
            "owner_id": "046391747222",
            "security_groups": [
              "sg-0fa807f6f822c5ca3"
            ],
            "subnet_id": "subnet-53a09a3b"
          },
          "private": "bnVsbA==",
          "dependencies": [
            "aws_efs_file_system.EFSVolume",
            "aws_instance.EC2Instance",
            "aws_security_group.SecurityGroup",
            "tls_private_key.myKey"
          ]
        }
      ]
    },
    {
      "mode": "managed",
      "type": "aws_instance",
      "name": "EC2Instance",
      "provider": "provider.aws",
      "instances": [
        {
          "schema_version": 1,
          "attributes": {
            "ami": "ami-0447a12f28fddb066",
            "arn": "arn:aws:ec2:ap-south-1:046391747222:instance/i-0b1fb415fda511684",
            "associate_public_ip_address": true,
            "availability_zone": "ap-south-1a",
            "cpu_core_count": 1,
            "cpu_threads_per_core": 1,
            "credit_specification": [
              {
                "cpu_credits": "standard"
              }
            ],
            "disable_api_termination": false,
            "ebs_block_device": [],
            "ebs_optimized": false,
            "ephemeral_block_device": [],
            "get_password_data": false,
            "hibernation": false,
            "host_id": null,
            "iam_instance_profile": "",
            "id": "i-0b1fb415fda511684",
            "instance_initiated_shutdown_behavior": null,
            "instance_state": "running",
            "instance_type": "t2.micro",
            "ipv6_address_count": 0,
            "ipv6_addresses": [],
            "key_name": "myKey",
            "metadata_options": [
              {
                "http_endpoint": "enabled",
                "http_put_response_hop_limit": 1,
                "http_tokens": "optional"
              }
            ],
            "monitoring": false,
            "network_interface": [],
            "network_interface_id": null,
            "outpost_arn": "",
            "password_data": "",
            "placement_group": "",
            "primary_network_interface_id": "eni-0acbf940c4615e85a",
            "private_dns": "ip-172-31-46-204.ap-south-1.compute.internal",
            "private_ip": "172.31.46.204",
            "public_dns": "ec2-13-126-162-8.ap-south-1.compute.amazonaws.com",
            "public_ip": "13.126.162.8",
            "root_block_device": [
              {
                "delete_on_termination": true,
                "device_name": "/dev/xvda",
                "encrypted": false,
                "iops": 100,
                "kms_key_id": "",
                "volume_id": "vol-0ae28859fa7c9efa2",
                "volume_size": 8,
                "volume_type": "gp2"
              }
            ],
            "security_groups": [
              "SecurityGroup"
            ],
            "source_dest_check": true,
            "subnet_id": "subnet-53a09a3b",
            "tags": {
              "Name": "EC2Instance"
            },
            "tenancy": "default",
            "timeouts": null,
            "user_data": null,
            "user_data_base64": null,
            "volume_tags": {},
            "vpc_security_group_ids": [
              "sg-0fa807f6f822c5ca3"
            ]
          },
          "private": "eyJlMmJmYjczMC1lY2FhLTExZTYtOGY4OC0zNDM2M2JjN2M0YzAiOnsiY3JlYXRlIjo2MDAwMDAwMDAwMDAsImRlbGV0ZSI6MTIwMDAwMDAwMDAwMCwidXBkYXRlIjo2MDAwMDAwMDAwMDB9LCJzY2hlbWFfdmVyc2lvbiI6IjEifQ==",
          "dependencies": [
            "aws_security_group.SecurityGroup",
            "tls_private_key.myKey"
          ]
        }
      ]
    },
    {
      "module": "module.key_pair",
      "mode": "managed",
      "type": "aws_key_pair",
      "name": "this",
      "each": "list",
      "provider": "provider.aws",
      "instances": [
        {
          "index_key": 0,
          "schema_version": 1,
          "attributes": {
            "arn": "arn:aws:ec2:ap-south-1:046391747222:key-pair/myKey",
            "fingerprint": "9f:1b:56:d5:00:30:69:f1:ce:b6:e4:b4:3f:bb:e0:67",
            "id": "myKey",
            "key_name": "myKey",
            "key_name_prefix": null,
            "key_pair_id": "key-03c8a7fe38f442b16",
            "public_key": "ssh-rsa AAAAB3NzaC1yc2EAAAADAQABAAABAQDlY49k51hUcLvj+lp7f4vosn2DBxRS4KvkRcNXGMPvYeTCQgoGvnNs2m7oyO+hLjmitCyVaflVxwr7zCPHx6+ybE5cAATZ6h4ntCRw+bHjYfaPtUM3ymg9g0xKL36GB70UUKxLVT/MQtiHB0071pwFR0hoYe/gBJTKLl6zfFGowBoaL47amPe/EJxbXM1AiOSRSeVVtyIP5zd3w5Yscu9GACkXaFmX/HS+6M32WCWapj/tQHz7mNdKi8xOEaQ+P3yO4l3gPFbAEgqfSTF2IIpOfW6LpxjWNno0LsT0kX9Pzan5Ov7Fs+W8G7q3X3DtoPxaTcJmc+r2ZldzkE4fa4jv",
            "tags": null
          },
          "private": "eyJzY2hlbWFfdmVyc2lvbiI6IjEifQ==",
          "dependencies": [
            "tls_private_key.myKey"
          ]
        }
      ]
    },
    {
      "mode": "managed",
      "type": "aws_s3_bucket",
      "name": "myBucket",
      "provider": "provider.aws",
      "instances": [
        {
          "schema_version": 0,
          "attributes": {
            "acceleration_status": "",
            "acl": "public-read",
            "arn": "arn:aws:s3:::task581",
            "bucket": "task581",
            "bucket_domain_name": "task581.s3.amazonaws.com",
            "bucket_prefix": null,
            "bucket_regional_domain_name": "task581.s3.ap-south-1.amazonaws.com",
            "cors_rule": [],
            "force_destroy": false,
            "grant": [],
            "hosted_zone_id": "Z11RGJOFQNVJUP",
            "id": "task581",
            "lifecycle_rule": [],
            "logging": [],
            "object_lock_configuration": [],
            "policy": null,
            "region": "ap-south-1",
            "replication_configuration": [],
            "request_payer": "BucketOwner",
            "server_side_encryption_configuration": [],
            "tags": {
              "Name": "myBucket"
            },
            "versioning": [
              {
                "enabled": false,
                "mfa_delete": false
              }
            ],
            "website": [],
            "website_domain": null,
            "website_endpoint": null
          },
          "private": "bnVsbA=="
        }
      ]
    },
    {
      "mode": "managed",
      "type": "aws_s3_bucket_object",
      "name": "object",
      "provider": "provider.aws",
      "instances": [
        {
          "schema_version": 0,
          "attributes": {
            "acl": "public-read",
            "bucket": "task581",
            "cache_control": "",
            "content": null,
            "content_base64": null,
            "content_disposition": "",
            "content_encoding": "",
            "content_language": "",
            "content_type": "image/jpg",
            "etag": "ac351fe05c0ab9353b10e55d0b24294e",
            "force_destroy": false,
            "id": "image2.jpg",
            "key": "image2.jpg",
            "kms_key_id": null,
            "metadata": null,
            "object_lock_legal_hold_status": "",
            "object_lock_mode": "",
            "object_lock_retain_until_date": "",
            "server_side_encryption": "",
            "source": "C:/Users/gupta/Downloads/logo.jpg",
            "storage_class": "STANDARD",
            "tags": null,
            "version_id": "",
            "website_redirect": ""
          },
          "private": "bnVsbA==",
          "dependencies": [
            "aws_s3_bucket.myBucket",
            "null_resource.DownloadImagesFromGithub"
          ]
        }
      ]
    },
    {
      "mode": "managed",
      "type": "aws_security_group",
      "name": "SecurityGroup",
      "provider": "provider.aws",
      "instances": [
        {
          "schema_version": 1,
          "attributes": {
            "arn": "arn:aws:ec2:ap-south-1:046391747222:security-group/sg-0fa807f6f822c5ca3",
            "description": "Allow http and ssh inbound traffic",
            "egress": [
              {
                "cidr_blocks": [
                  "0.0.0.0/0"
                ],
                "description": "",
                "from_port": 0,
                "ipv6_cidr_blocks": [],
                "prefix_list_ids": [],
                "protocol": "-1",
                "security_groups": [],
                "self": false,
                "to_port": 0
              }
            ],
            "id": "sg-0fa807f6f822c5ca3",
            "ingress": [
              {
                "cidr_blocks": [
                  "0.0.0.0/0"
                ],
                "description": "",
                "from_port": 8080,
                "ipv6_cidr_blocks": [],
                "prefix_list_ids": [],
                "protocol": "tcp",
                "security_groups": [],
                "self": false,
                "to_port": 8080
              },
              {
                "cidr_blocks": [
                  "0.0.0.0/0"
                ],
                "description": "Allow EFS communication with EC2",
                "from_port": 2049,
                "ipv6_cidr_blocks": [],
                "prefix_list_ids": [],
                "protocol": "tcp",
                "security_groups": [],
                "self": false,
                "to_port": 2049
              },
              {
                "cidr_blocks": [
                  "0.0.0.0/0"
                ],
                "description": "TLS from VPC",
                "from_port": 22,
                "ipv6_cidr_blocks": [],
                "prefix_list_ids": [],
                "protocol": "tcp",
                "security_groups": [],
                "self": false,
                "to_port": 22
              },
              {
                "cidr_blocks": [
                  "0.0.0.0/0"
                ],
                "description": "TLS from VPC",
                "from_port": 80,
                "ipv6_cidr_blocks": [],
                "prefix_list_ids": [],
                "protocol": "tcp",
                "security_groups": [],
                "self": false,
                "to_port": 80
              }
            ],
            "name": "SecurityGroup",
            "name_prefix": null,
            "owner_id": "046391747222",
            "revoke_rules_on_delete": false,
            "tags": {
              "Name": "SecurityGroup"
            },
            "timeouts": null,
            "vpc_id": "vpc-1559457d"
          },
          "private": "eyJlMmJmYjczMC1lY2FhLTExZTYtOGY4OC0zNDM2M2JjN2M0YzAiOnsiY3JlYXRlIjo2MDAwMDAwMDAwMDAsImRlbGV0ZSI6NjAwMDAwMDAwMDAwfSwic2NoZW1hX3ZlcnNpb24iOiIxIn0="
        }
      ]
    },
    {
      "mode": "managed",
      "type": "null_resource",
      "name": "DownloadImagesFromGithub",
      "provider": "provider.null",
      "instances": [
        {
          "schema_version": 0,
          "attributes": {
            "id": "3719670642140386570",
            "triggers": null
          },
          "private": "bnVsbA=="
        }
      ]
    },
    {
      "mode": "managed",
      "type": "null_resource",
      "name": "MountingAndClonning",
      "provider": "provider.null",
      "instances": [
        {
          "schema_version": 0,
          "attributes": {
            "id": "2335966482251367487",
            "triggers": null
          },
          "private": "bnVsbA==",
          "dependencies": [
            "aws_efs_file_system.EFSVolume",
            "aws_efs_mount_target.EFSVolumeTarget",
            "aws_instance.EC2Instance",
            "aws_security_group.SecurityGroup",
            "tls_private_key.myKey"
          ]
        }
      ]
    },
    {
      "mode": "managed",
      "type": "null_resource",
      "name": "toLauchWebsite",
      "provider": "provider.null",
      "instances": [
        {
          "schema_version": 0,
          "attributes": {
            "id": "1035125567041643601",
            "triggers": null
          },
          "private": "bnVsbA==",
          "dependencies": [
            "aws_cloudfront_distribution.s3_distribution",
            "aws_efs_file_system.EFSVolume",
            "aws_efs_mount_target.EFSVolumeTarget",
            "aws_instance.EC2Instance",
            "aws_s3_bucket.myBucket",
            "aws_s3_bucket_object.object",
            "aws_security_group.SecurityGroup",
            "null_resource.DownloadImagesFromGithub",
            "null_resource.MountingAndClonning",
            "tls_private_key.myKey"
          ]
        }
      ]
    },
    {
      "mode": "managed",
      "type": "tls_private_key",
      "name": "myKey",
      "provider": "provider.tls",
      "instances": [
        {
          "schema_version": 0,
          "attributes": {
            "algorithm": "RSA",
            "ecdsa_curve": "P224",
            "id": "5e7657b8f1683fe75104e6606767266cad5bc476",
            "private_key_pem": "-----BEGIN RSA PRIVATE KEY-----\nMIIEpQIBAAKCAQEA5WOPZOdYVHC74/pae3+L6LJ9gwcUUuCr5EXDVxjD72HkwkIK\nBr5zbNpu6MjvoS45orQslWn5VccK+8wjx8evsmxOXAAE2eoeJ7QkcPmx42H2j7VD\nN8poPYNMSi9+hge9FFCsS1U/zELYhwdNO9acBUdIaGHv4ASUyi5es3xRqMAaGi+O\n2pj3vxCcW1zNQIjkkUnlVbciD+c3d8OWLHLvRgApF2hZl/x0vujN9lglmqY/7UB8\n+5jXSovMThGkPj98juJd4DxWwBIKn0kxdiCKTn1ui6cY1jZ6NC7E9JF/T82p+Tr+\nxbPlvBu6t19w7aD8Wk3CZnPq9mZXc5BOH2uI7wIDAQABAoIBAHiOMY97Ul3Wfbjc\nG2+qYdJi9DnHn7PK5ivrSjVdC6Skk0BQysouj6UWy5FGAUJ5c8sB3CiOcH7XQ/t/\nlxJo7PrdlvUdAW+xbjW5pClH4Wi6VIXEYtZQZyZk+dRHT7yLFqE1oMdav1PPkdKt\nULbxHEBd7T0Gs7XNUpFLe3PjE1uW02u/3tDGDuojPYGcZtOLnR0rfZ66WvtleF8c\nuUBjWqogQLqCsFs+MXdE9tV3WOWlkVAxHKYn8W+Zfbl0AEfoBYhFhVk8O4Ex44CL\nPkmylxV5Ncs6rEu54rWAlzNyKzIYdaGrUQWaq/+tx9fzyLX/uHpKNKK5oX4EplG7\n+4H7yikCgYEA6ABkIrX0qq4hgHdPQsi4i0WSjJfBf1SPBFNaE4WHLG0iXJfVC+up\nxEKPgGCSJoik4h/bOTZkeo8+qeHFzlL28I/sOuCEcupjUEBeQkFVkrqfmzsZbJyH\n4kaN5ret6pxRN4q1yvvYZvaLW6D84NyWrtRUkNwTROyKsHhyF5QfFqsCgYEA/R38\nAysMs4PmXQu8bvXhwEDaS9Curdho8nPGw5yjH0o0zjl1+6AhJ0q7taNI1EYNWv6e\nSeC+yDH0lJZ0r99YLJ54sU/nbFaNjSAhFt/RMnzYfKPkLxhUqeAAlFua5JtRZksa\nwV1b6SETTLk6WuVEQiqR7Qrgk4yDnGixtAN7Js0CgYEAxCiwgfi+6iFZCjnWtmzo\nPDmS83TMklB4q/udyau44wNTbl6iL/YOEHcGxlDgwdv/LYIp5XHr+wRqw1C14wGa\n8UN/RTjYRCGR3yTNjc+X/vv0P1f04zRmYBevm0fqsNeChCewFfRiwIvswIiZx7Y7\nYY7+AY1SbZBio1rzfKQstQkCgYEAnmiAip8LkOFwbzTkFfFt+jrcI2yTlZsFew74\nCv3hnLh9Ob7+Vp7NgOClfzSUZLz+qL8G4ydzXqjc740Fs/esICiBUj62j7fPWM4N\nx1oFe3pkpgSPzuWEPthApJh75KxLkiBYu0EpP0qC4JZfrfkj8eDgeKBBEjZzO5TN\n+eHf1dUCgYEAiuiqtCtnYhTMLl+y0OIqtVR5gvGsRFNkwxUbm6NPWG8j/uloCt0L\nV0458JKIL2LBFPI7IJxVF8mp9kWLC5AFsbE3gYUjTQDyshyMcMN/rNG6lumCAMqh\n3BEt28L/0KTrJmFzJ1nVtECRsH9/i0KB+IBtTICcojDDR083uo1znio=\n-----END RSA PRIVATE KEY-----\n",
            "public_key_fingerprint_md5": "bf:f9:1e:cc:20:43:0a:a3:e7:e3:fa:f1:32:2a:b7:cf",
            "public_key_openssh": "ssh-rsa AAAAB3NzaC1yc2EAAAADAQABAAABAQDlY49k51hUcLvj+lp7f4vosn2DBxRS4KvkRcNXGMPvYeTCQgoGvnNs2m7oyO+hLjmitCyVaflVxwr7zCPHx6+ybE5cAATZ6h4ntCRw+bHjYfaPtUM3ymg9g0xKL36GB70UUKxLVT/MQtiHB0071pwFR0hoYe/gBJTKLl6zfFGowBoaL47amPe/EJxbXM1AiOSRSeVVtyIP5zd3w5Yscu9GACkXaFmX/HS+6M32WCWapj/tQHz7mNdKi8xOEaQ+P3yO4l3gPFbAEgqfSTF2IIpOfW6LpxjWNno0LsT0kX9Pzan5Ov7Fs+W8G7q3X3DtoPxaTcJmc+r2ZldzkE4fa4jv\n",
            "public_key_pem": "-----BEGIN PUBLIC KEY-----\nMIIBIjANBgkqhkiG9w0BAQEFAAOCAQ8AMIIBCgKCAQEA5WOPZOdYVHC74/pae3+L\n6LJ9gwcUUuCr5EXDVxjD72HkwkIKBr5zbNpu6MjvoS45orQslWn5VccK+8wjx8ev\nsmxOXAAE2eoeJ7QkcPmx42H2j7VDN8poPYNMSi9+hge9FFCsS1U/zELYhwdNO9ac\nBUdIaGHv4ASUyi5es3xRqMAaGi+O2pj3vxCcW1zNQIjkkUnlVbciD+c3d8OWLHLv\nRgApF2hZl/x0vujN9lglmqY/7UB8+5jXSovMThGkPj98juJd4DxWwBIKn0kxdiCK\nTn1ui6cY1jZ6NC7E9JF/T82p+Tr+xbPlvBu6t19w7aD8Wk3CZnPq9mZXc5BOH2uI\n7wIDAQAB\n-----END PUBLIC KEY-----\n",
            "rsa_bits": 2048
          },
          "private": "bnVsbA=="
        }
      ]
    }
  ]
}
